# THIS IS AN AUTOGENERATED FILE. DO NOT EDIT THIS FILE DIRECTLY.
# yarn lockfile v1


"@signed/prettier-config@0.1.0":
  version "0.1.0"
  resolved "https://registry.yarnpkg.com/@signed/prettier-config/-/prettier-config-0.1.0.tgz#4e1ab02f34fd4e43af2779aac97225738ccc71c6"
  integrity sha512-gMob/Xh26ksh7Z3l/65WGHip9iuC5Jp6jUPxhLJcHEvfPntnRSjxfS2dzBQa/xW2q8zpCEHFNpf5T4IGqUB6LQ==

"@types/node@18.7.18":
  version "18.7.18"
  resolved "https://registry.yarnpkg.com/@types/node/-/node-18.7.18.tgz#633184f55c322e4fb08612307c274ee6d5ed3154"
  integrity sha512-m+6nTEOadJZuTPkKR/SYK3A2d7FZrgElol9UP1Kae90VVU4a6mxnPuLiIW1m4Cq4gZ/nWb9GrdVXJCoCazDAbg==

io-ts-types@0.5.16:
  version "0.5.16"
  resolved "https://registry.yarnpkg.com/io-ts-types/-/io-ts-types-0.5.16.tgz#e9eed75371e217c97050cc507915e8eedc250946"
  integrity sha512-h9noYVfY9rlbmKI902SJdnV/06jgiT2chxG6lYDxaYNp88HscPi+SBCtmcU+m0E7WT5QSwt7sIMj93+qu0FEwQ==

io-ts@2.2.18:
  version "2.2.18"
  resolved "https://registry.yarnpkg.com/io-ts/-/io-ts-2.2.18.tgz#dfb41aded5f0e598ccf2a25a483c205444210173"
  integrity sha512-3JxUUzRtPQPs5sOwB7pW0+Xb54nOzqA6M1sRB1hwgsRmkWMeGTjtOrCynGTJhIj+mBLUj2S37DAq2+BrPh9kTQ==

prettier@2.7.1:
  version "2.7.1"
  resolved "https://registry.yarnpkg.com/prettier/-/prettier-2.7.1.tgz#e235806850d057f97bb08368a4f7d899f7760c64"
  integrity sha512-ujppO+MkdPqoVINuDFDRLClm7D78qbDt0/NR+wp5FqEZOoTNAjPHWj17QRhu7geIHJfcNhRk1XVQmF8Bp3ye+g==

typescript@4.8.3:
  version "4.8.3"
  resolved "https://registry.yarnpkg.com/typescript/-/typescript-4.8.3.tgz#d59344522c4bc464a65a730ac695007fdb66dd88"
  integrity sha512-goMHfm00nWPa8UvR/CPSvykqf6dVV8x/dp0c5mFTMTIu0u0FlGWRioyy7Nn0PGAdHxpJZnuO/ut+PpQ8UiHAig==
